// !$*UTF8*$!
{
	archiveVersion = 1;
	classes = {
	};
	objectVersion = 46;
	objects = {

/* Begin PBXBuildFile section */
		6545C9CA1D53ECD900A8CD87 /* AppDelegate.swift in Sources */ = {isa = PBXBuildFile; fileRef = 6545C9C91D53ECD900A8CD87 /* AppDelegate.swift */; };
		6545C9CF1D53ECD900A8CD87 /* Main.storyboard in Resources */ = {isa = PBXBuildFile; fileRef = 6545C9CD1D53ECD900A8CD87 /* Main.storyboard */; };
		6545C9D11D53ECD900A8CD87 /* Assets.xcassets in Resources */ = {isa = PBXBuildFile; fileRef = 6545C9D01D53ECD900A8CD87 /* Assets.xcassets */; };
		6545C9D41D53ECD900A8CD87 /* LaunchScreen.storyboard in Resources */ = {isa = PBXBuildFile; fileRef = 6545C9D21D53ECD900A8CD87 /* LaunchScreen.storyboard */; };
		6545C9DD1D53F12900A8CD87 /* DesignerView.swift in Sources */ = {isa = PBXBuildFile; fileRef = 6545C9DC1D53F12900A8CD87 /* DesignerView.swift */; };
		6545C9DF1D53F13400A8CD87 /* ViewController.swift in Sources */ = {isa = PBXBuildFile; fileRef = 6545C9DE1D53F13400A8CD87 /* ViewController.swift */; };
/* End PBXBuildFile section */

/* Begin PBXFileReference section */
		6545C9C61D53ECD900A8CD87 /* DesignerView.app */ = {isa = PBXFileReference; explicitFileType = wrapper.application; includeInIndex = 0; path = DesignerView.app; sourceTree = BUILT_PRODUCTS_DIR; };
		6545C9C91D53ECD900A8CD87 /* AppDelegate.swift */ = {isa = PBXFileReference; lastKnownFileType = sourcecode.swift; path = AppDelegate.swift; sourceTree = "<group>"; };
		6545C9CE1D53ECD900A8CD87 /* Base */ = {isa = PBXFileReference; lastKnownFileType = file.storyboard; name = Base; path = Base.lproj/Main.storyboard; sourceTree = "<group>"; };
		6545C9D01D53ECD900A8CD87 /* Assets.xcassets */ = {isa = PBXFileReference; explicitFileType = wrapper.application; path = Assets.xcassets; sourceTree = "<group>"; };
		6545C9D31D53ECD900A8CD87 /* Base */ = {isa = PBXFileReference; lastKnownFileType = file.storyboard; name = Base; path = Base.lproj/LaunchScreen.storyboard; sourceTree = "<group>"; };
		6545C9D51D53ECD900A8CD87 /* Info.plist */ = {isa = PBXFileReference; lastKnownFileType = text.plist.xml; path = Info.plist; sourceTree = "<group>"; };
		6545C9DC1D53F12900A8CD87 /* DesignerView.swift */ = {isa = PBXFileReference; fileEncoding = 4; lastKnownFileType = sourcecode.swift; path = DesignerView.swift; sourceTree = "<group>"; };
		6545C9DE1D53F13400A8CD87 /* ViewController.swift */ = {isa = PBXFileReference; fileEncoding = 4; lastKnownFileType = sourcecode.swift; path = ViewController.swift; sourceTree = "<group>"; };
/* End PBXFileReference section */

/* Begin PBXFrameworksBuildPhase section */
		6545C9C31D53ECD900A8CD87 /* Frameworks */ = {
			isa = PBXFrameworksBuildPhase;
			buildActionMask = 2147483647;
			files = (
			);
			runOnlyForDeploymentPostprocessing = 0;
		};
/* End PBXFrameworksBuildPhase section */

/* Begin PBXGroup section */
		6545C9BD1D53ECD900A8CD87 = {
			isa = PBXGroup;
			children = (
				6545C9C81D53ECD900A8CD87 /* DesignerView */,
				6545C9C71D53ECD900A8CD87 /* Products */,
			);
			sourceTree = "<group>";
		};
		6545C9C71D53ECD900A8CD87 /* Products */ = {
			isa = PBXGroup;
			children = (
				6545C9C61D53ECD900A8CD87 /* DesignerView.app */,
			);
			name = Products;
			sourceTree = "<group>";
		};
		6545C9C81D53ECD900A8CD87 /* DesignerView */ = {
			isa = PBXGroup;
			children = (
				6545C9DB1D53ED2000A8CD87 /* Support */,
				6545C9CD1D53ECD900A8CD87 /* Main.storyboard */,
				6545C9DE1D53F13400A8CD87 /* ViewController.swift */,
				6545C9DC1D53F12900A8CD87 /* DesignerView.swift */,
			);
			path = DesignerView;
			sourceTree = "<group>";
		};
		6545C9DB1D53ED2000A8CD87 /* Support */ = {
			isa = PBXGroup;
			children = (
				6545C9C91D53ECD900A8CD87 /* AppDelegate.swift */,
				6545C9D01D53ECD900A8CD87 /* Assets.xcassets */,
				6545C9D21D53ECD900A8CD87 /* LaunchScreen.storyboard */,
				6545C9D51D53ECD900A8CD87 /* Info.plist */,
			);
			name = Support;
			sourceTree = "<group>";
		};
/* End PBXGroup section */

/* Begin PBXNativeTarget section */
		6545C9C51D53ECD900A8CD87 /* DesignerView */ = {
			isa = PBXNativeTarget;
			buildConfigurationList = 6545C9D81D53ECD900A8CD87 /* Build configuration list for PBXNativeTarget "DesignerView" */;
			buildPhases = (
				6545C9C21D53ECD900A8CD87 /* Sources */,
				6545C9C31D53ECD900A8CD87 /* Frameworks */,
				6545C9C41D53ECD900A8CD87 /* Resources */,
			);
			buildRules = (
			);
			dependencies = (
			);
			name = DesignerView;
			productName = DesignerView;
			productReference = 6545C9C61D53ECD900A8CD87 /* DesignerView.app */;
			productType = "com.apple.product-type.application";
		};
/* End PBXNativeTarget section */

/* Begin PBXProject section */
		6545C9BE1D53ECD900A8CD87 /* Project object */ = {
			isa = PBXProject;
			attributes = {
				LastSwiftUpdateCheck = 0730;
				LastUpgradeCheck = 0730;
				ORGANIZATIONNAME = "Andre Fiebig";
				TargetAttributes = {
					6545C9C51D53ECD900A8CD87 = {
						CreatedOnToolsVersion = 7.3.1;
					};
				};
			};
			buildConfigurationList = 6545C9C11D53ECD900A8CD87 /* Build configuration list for PBXProject "DesignerView" */;
			compatibilityVersion = "Xcode 3.2";
			developmentRegion = English;
			hasScannedForEncodings = 0;
			knownRegions = (
				en,
				Base,
			);
			mainGroup = 6545C9BD1D53ECD900A8CD87;
			productRefGroup = 6545C9C71D53ECD900A8CD87 /* Products */;
			projectDirPath = "";
			projectRoot = "";
			targets = (
				6545C9C51D53ECD900A8CD87 /* DesignerView */,
			);
		};
/* End PBXProject section */

/* Begin PBXResourcesBuildPhase section */
		6545C9C41D53ECD900A8CD87 /* Resources */ = {
			isa = PBXResourcesBuildPhase;
			buildActionMask = 2147483647;
			files = (
				6545C9D41D53ECD900A8CD87 /* LaunchScreen.storyboard in Resources */,
				6545C9D11D53ECD900A8CD87 /* Assets.xcassets in Resources */,
				6545C9CF1D53ECD900A8CD87 /* Main.storyboard in Resources */,
			);
			runOnlyForDeploymentPostprocessing = 0;
		};
/* End PBXResourcesBuildPhase section */

/* Begin PBXSourcesBuildPhase section */
		6545C9C21D53ECD900A8CD87 /* Sources */ = {
			isa = PBXSourcesBuildPhase;
			buildActionMask = 2147483647;
			files = (
				6545C9DF1D53F13400A8CD87 /* ViewController.swift in Sources */,
				6545C9CA1D53ECD900A8CD87 /* AppDelegate.swift in Sources */,
				6545C9DD1D53F12900A8CD87 /* DesignerView.swift in Sources */,
			);
			runOnlyForDeploymentPostprocessing = 0;
		};
/* End PBXSourcesBuildPhase section */

/* Begin PBXVariantGroup section */
		6545C9CD1D53ECD900A8CD87 /* Main.storyboard */ = {
			isa = PBXVariantGroup;
			children = (
				6545C9CE1D53ECD900A8CD87 /* Base */,
			);
			name = Main.storyboard;
			sourceTree = "<group>";
		};
		6545C9D21D53ECD900A8CD87 /* LaunchScreen.storyboard */ = {
			isa = PBXVariantGroup;
			children = (
				6545C9D31D53ECD900A8CD87 /* Base */,
			);
			name = LaunchScreen.storyboard;
			sourceTree = "<group>";
		};
/* End PBXVariantGroup section */

/* Begin XCBuildConfiguration section */
		6545C9D61D53ECD900A8CD87 /* Debug */ = {
			isa = XCBuildConfiguration;
			buildSettings = {
				ALWAYS_SEARCH_USER_PATHS = NO;
				CLANG_ANALYZER_NONNULL = YES;
				CLANG_CXX_LANGUAGE_STANDARD = "gnu++0x";
				CLANG_CXX_LIBRARY = "libc++";
				CLANG_ENABLE_MODULES = YES;
				CLANG_ENABLE_OBJC_ARC = YES;
				CLANG_WARN_BOOL_CONVERSION = YES;
				CLANG_WARN_CONSTANT_CONVERSION = YES;
				CLANG_WARN_DIRECT_OBJC_ISA_USAGE = YES_ERROR;
				CLANG_WARN_EMPTY_BODY = YES;
				CLANG_WARN_ENUM_CONVERSION = YES;
				CLANG_WARN_INT_CONVERSION = YES;
				CLANG_WARN_OBJC_ROOT_CLASS = YES_ERROR;
				CLANG_WARN_UNREACHABLE_CODE = YES;
				CLANG_WARN__DUPLICATE_METHOD_MATCH = YES;
				"CODE_SIGN_IDENTITY[sdk=iphoneos*]" = "iPhone Developer";
				COPY_PHASE_STRIP = NO;
				DEBUG_INFORMATION_FORMAT = dwarf;
				ENABLE_STRICT_OBJC_MSGSEND = YES;
				ENABLE_TESTABILITY = YES;
				GCC_C_LANGUAGE_STANDARD = gnu99;
				GCC_DYNAMIC_NO_PIC = NO;
				GCC_NO_COMMON_BLOCKS = YES;
				GCC_OPTIMIZATION_LEVEL = 0;
				GCC_PREPROCESSOR_DEFINITIONS = (
					"DEBUG=1",
					"$(inherited)",
				);
				GCC_WARN_64_TO_32_BIT_CONVERSION = YES;
				GCC_WARN_ABOUT_RETURN_TYPE = YES_ERROR;
				GCC_WARN_UNDECLARED_SELECTOR = YES;
				GCC_WARN_UNINITIALIZED_AUTOS = YES_AGGRESSIVE;
				GCC_WARN_UNUSED_FUNCTION = YES;
				GCC_WARN_UNUSED_VARIABLE = YES;
				IPHONEOS_DEPLOYMENT_TARGET = 9.3;
				MTL_ENABLE_DEBUG_INFO = YES;
				ONLY_ACTIVE_ARCH = YES;
				SDKROOT = iphoneos;
				SWIFT_OPTIMIZATION_LEVEL = "-Onone";
			};
			name = Debug;
		};
		6545C9D71D53ECD900A8CD87 /* Release */ = {
			isa = XCBuildConfiguration;
			buildSettings = {
				ALWAYS_SEARCH_USER_PATHS = NO;
				CLANG_ANALYZER_NONNULL = YES;
				CLANG_CXX_LANGUAGE_STANDARD = "gnu++0x";
				CLANG_CXX_LIBRARY = "libc++";
				CLANG_ENABLE_MODULES = YES;
				CLANG_ENABLE_OBJC_ARC = YES;
				CLANG_WARN_BOOL_CONVERSION = YES;
				CLANG_WARN_CONSTANT_CONVERSION = YES;
				CLANG_WARN_DIRECT_OBJC_ISA_USAGE = YES_ERROR;
				CLANG_WARN_EMPTY_BODY = YES;
				CLANG_WARN_ENUM_CONVERSION = YES;
				CLANG_WARN_INT_CONVERSION = YES;
				CLANG_WARN_OBJC_ROOT_CLASS = YES_ERROR;
				CLANG_WARN_UNREACHABLE_CODE = YES;
				CLANG_WARN__DUPLICATE_METHOD_MATCH = YES;
				"CODE_SIGN_IDENTITY[sdk=iphoneos*]" = "iPhone Developer";
				COPY_PHASE_STRIP = NO;
				DEBUG_INFORMATION_FORMAT = "dwarf-with-dsym";
				ENABLE_NS_ASSERTIONS = NO;
				ENABLE_STRICT_OBJC_MSGSEND = YES;
				GCC_C_LANGUAGE_STANDARD = gnu99;
				GCC_NO_COMMON_BLOCKS = YES;
				GCC_WARN_64_TO_32_BIT_CONVERSION = YES;
				GCC_WARN_ABOUT_RETURN_TYPE = YES_ERROR;
				GCC_WARN_UNDECLARED_SELECTOR = YES;
				GCC_WARN_UNINITIALIZED_AUTOS = YES_AGGRESSIVE;
				GCC_WARN_UNUSED_FUNCTION = YES;
				GCC_WARN_UNUSED_VARIABLE = YES;
				IPHONEOS_DEPLOYMENT_TARGET = 9.3;
				MTL_ENABLE_DEBUG_INFO = NO;
				SDKROOT = iphoneos;
				VALIDATE_PRODUCT = YES;
			};
			name = Release;
		};
		6545C9D91D53ECD900A8CD87 /* Debug */ = {
			isa = XCBuildConfiguration;
			buildSettings = {
				ASSETCATALOG_COMPILER_APPICON_NAME = AppIcon;
				INFOPLIST_FILE = DesignerView/Info.plist;
				LD_RUNPATH_SEARCH_PATHS = "$(inherited) @executable_path/Frameworks";
				PRODUCT_BUNDLE_IDENTIFIER = "de.a-fiebig-net.DesignerView";
				PRODUCT_NAME = "$(TARGET_NAME)";
			};
			name = Debug;
		};
		6545C9DA1D53ECD900A8CD87 /* Release */ = {
			isa = XCBuildConfiguration;
			buildSettings = {
				ASSETCATALOG_COMPILER_APPICON_NAME = AppIcon;
				INFOPLIST_FILE = DesignerView/Info.plist;
				LD_RUNPATH_SEARCH_PATHS = "$(inherited) @executable_path/Frameworks";
				PRODUCT_BUNDLE_IDENTIFIER = "de.a-fiebig-net.DesignerView";
				PRODUCT_NAME = "$(TARGET_NAME)";
			};
			name = Release;
		};
/* End XCBuildConfiguration section */

/* Begin XCConfigurationList section */
		6545C9C11D53ECD900A8CD87 /* Build configuration list for PBXProject "DesignerView" */ = {
			isa = XCConfigurationList;
			buildConfigurations = (
				6545C9D61D53ECD900A8CD87 /* Debug */,
				6545C9D71D53ECD900A8CD87 /* Release */,
			);
			defaultConfigurationIsVisible = 0;
			defaultConfigurationName = Release;
		};
		6545C9D81D53ECD900A8CD87 /* Build configuration list for PBXNativeTarget "DesignerView" */ = {
			isa = XCConfigurationList;
			buildConfigurations = (
				6545C9D91D53ECD900A8CD87 /* Debug */,
				6545C9DA1D53ECD900A8CD87 /* Release */,
			);
			defaultConfigurationIsVisible = 0;
		};
/* End XCConfigurationList section */
	};
	rootObject = 6545C9BE1D53ECD900A8CD87 /* Project object */;
}
